
Microsoft Visual Studio Solution File, Format Version 12.00
# Visual Studio 15
VisualStudioVersion = 15.0.26206.0
MinimumVisualStudioVersion = 10.0.40219.1
Project("{FAE04EC0-301F-11D3-BF4B-00C04F79EFBC}") = "WpfSampleManager", "WpfSampleManager\WpfSampleManager.csproj", "{F727D775-92C0-4B8A-801A-0BC7B45454BB}"
	ProjectSection(ProjectDependencies) = postProject
		{779C4805-5EEB-4BD7-BCE2-2D2CDCCDCA20} = {779C4805-5EEB-4BD7-BCE2-2D2CDCCDCA20}
		{7AAD7740-9E9E-4425-B764-B1B25CD1A5C9} = {7AAD7740-9E9E-4425-B764-B1B25CD1A5C9}
		{FB01434A-A604-492D-B207-6AEBF13B0DFD} = {FB01434A-A604-492D-B207-6AEBF13B0DFD}
		{E61E899C-E59C-4791-906C-33DDFF7B6C08} = {E61E899C-E59C-4791-906C-33DDFF7B6C08}
		{9B41CBDD-7DA0-43A2-94CB-6E919397CDD0} = {9B41CBDD-7DA0-43A2-94CB-6E919397CDD0}
		{3DCC10FA-2C64-4D32-9F70-F570D7EE1E4C} = {3DCC10FA-2C64-4D32-9F70-F570D7EE1E4C}
	EndProjectSection
EndProject
Project("{FAE04EC0-301F-11D3-BF4B-00C04F79EFBC}") = "WpfSampleCore", "WpfSampleCore\WpfSampleCore.csproj", "{4C764DC5-BF91-427C-82F6-31F15A10725C}"
EndProject
Project("{2150E333-8FDC-42A3-9474-1A3956D46DE8}") = "Samples", "Samples", "{9173924B-8F1D-4F50-8C9F-42704F2D607C}"
EndProject
Project("{FAE04EC0-301F-11D3-BF4B-00C04F79EFBC}") = "SpatialFuncSamples", "WpfSamplePlugins\SpatialFuncSamples\SpatialFuncSamples.csproj", "{9B41CBDD-7DA0-43A2-94CB-6E919397CDD0}"
EndProject
Project("{FAE04EC0-301F-11D3-BF4B-00C04F79EFBC}") = "GeometrySamples", "WpfSamplePlugins\GeometrySamples\GeometrySamples.csproj", "{E61E899C-E59C-4791-906C-33DDFF7B6C08}"
EndProject
Project("{FAE04EC0-301F-11D3-BF4B-00C04F79EFBC}") = "LayerSamples", "WpfSamplePlugins\LayerSamples\LayerSamples.csproj", "{3DCC10FA-2C64-4D32-9F70-F570D7EE1E4C}"
EndProject
Project("{FAE04EC0-301F-11D3-BF4B-00C04F79EFBC}") = "StyleSamples", "WpfSamplePlugins\StyleSamples\StyleSamples.csproj", "{FB01434A-A604-492D-B207-6AEBF13B0DFD}"
EndProject
Project("{FAE04EC0-301F-11D3-BF4B-00C04F79EFBC}") = "WpfSpecific", "WpfSamplePlugins\WpfSpecific\WpfSpecific.csproj", "{7AAD7740-9E9E-4425-B764-B1B25CD1A5C9}"
EndProject
Project("{FAE04EC0-301F-11D3-BF4B-00C04F79EFBC}") = "ProjectionSamples", "WpfSamplePlugins\ProjectionSamples\ProjectionSamples.csproj", "{779C4805-5EEB-4BD7-BCE2-2D2CDCCDCA20}"
EndProject
Global
	GlobalSection(SolutionConfigurationPlatforms) = preSolution
		Debug|Any CPU = Debug|Any CPU
		Release|Any CPU = Release|Any CPU
	EndGlobalSection
	GlobalSection(ProjectConfigurationPlatforms) = postSolution
		{F727D775-92C0-4B8A-801A-0BC7B45454BB}.Debug|Any CPU.ActiveCfg = Debug|Any CPU
		{F727D775-92C0-4B8A-801A-0BC7B45454BB}.Debug|Any CPU.Build.0 = Debug|Any CPU
		{F727D775-92C0-4B8A-801A-0BC7B45454BB}.Release|Any CPU.ActiveCfg = Release|Any CPU
		{F727D775-92C0-4B8A-801A-0BC7B45454BB}.Release|Any CPU.Build.0 = Release|Any CPU
		{4C764DC5-BF91-427C-82F6-31F15A10725C}.Debug|Any CPU.ActiveCfg = Debug|Any CPU
		{4C764DC5-BF91-427C-82F6-31F15A10725C}.Debug|Any CPU.Build.0 = Debug|Any CPU
		{4C764DC5-BF91-427C-82F6-31F15A10725C}.Release|Any CPU.ActiveCfg = Release|Any CPU
		{4C764DC5-BF91-427C-82F6-31F15A10725C}.Release|Any CPU.Build.0 = Release|Any CPU
		{9B41CBDD-7DA0-43A2-94CB-6E919397CDD0}.Debug|Any CPU.ActiveCfg = Debug|Any CPU
		{9B41CBDD-7DA0-43A2-94CB-6E919397CDD0}.Debug|Any CPU.Build.0 = Debug|Any CPU
		{9B41CBDD-7DA0-43A2-94CB-6E919397CDD0}.Release|Any CPU.ActiveCfg = Release|Any CPU
		{9B41CBDD-7DA0-43A2-94CB-6E919397CDD0}.Release|Any CPU.Build.0 = Release|Any CPU
		{E61E899C-E59C-4791-906C-33DDFF7B6C08}.Debug|Any CPU.ActiveCfg = Debug|Any CPU
		{E61E899C-E59C-4791-906C-33DDFF7B6C08}.Debug|Any CPU.Build.0 = Debug|Any CPU
		{E61E899C-E59C-4791-906C-33DDFF7B6C08}.Release|Any CPU.ActiveCfg = Release|Any CPU
		{E61E899C-E59C-4791-906C-33DDFF7B6C08}.Release|Any CPU.Build.0 = Release|Any CPU
		{3DCC10FA-2C64-4D32-9F70-F570D7EE1E4C}.Debug|Any CPU.ActiveCfg = Debug|Any CPU
		{3DCC10FA-2C64-4D32-9F70-F570D7EE1E4C}.Debug|Any CPU.Build.0 = Debug|Any CPU
		{3DCC10FA-2C64-4D32-9F70-F570D7EE1E4C}.Release|Any CPU.ActiveCfg = Release|Any CPU
		{3DCC10FA-2C64-4D32-9F70-F570D7EE1E4C}.Release|Any CPU.Build.0 = Release|Any CPU
		{FB01434A-A604-492D-B207-6AEBF13B0DFD}.Debug|Any CPU.ActiveCfg = Debug|Any CPU
		{FB01434A-A604-492D-B207-6AEBF13B0DFD}.Debug|Any CPU.Build.0 = Debug|Any CPU
		{FB01434A-A604-492D-B207-6AEBF13B0DFD}.Release|Any CPU.ActiveCfg = Release|Any CPU
		{FB01434A-A604-492D-B207-6AEBF13B0DFD}.Release|Any CPU.Build.0 = Release|Any CPU
		{7AAD7740-9E9E-4425-B764-B1B25CD1A5C9}.Debug|Any CPU.ActiveCfg = Debug|Any CPU
		{7AAD7740-9E9E-4425-B764-B1B25CD1A5C9}.Debug|Any CPU.Build.0 = Debug|Any CPU
		{7AAD7740-9E9E-4425-B764-B1B25CD1A5C9}.Release|Any CPU.ActiveCfg = Release|Any CPU
		{7AAD7740-9E9E-4425-B764-B1B25CD1A5C9}.Release|Any CPU.Build.0 = Release|Any CPU
		{779C4805-5EEB-4BD7-BCE2-2D2CDCCDCA20}.Debug|Any CPU.ActiveCfg = Debug|Any CPU
		{779C4805-5EEB-4BD7-BCE2-2D2CDCCDCA20}.Debug|Any CPU.Build.0 = Debug|Any CPU
		{779C4805-5EEB-4BD7-BCE2-2D2CDCCDCA20}.Release|Any CPU.ActiveCfg = Release|Any CPU
		{779C4805-5EEB-4BD7-BCE2-2D2CDCCDCA20}.Release|Any CPU.Build.0 = Release|Any CPU
	EndGlobalSection
	GlobalSection(SolutionProperties) = preSolution
		HideSolutionNode = FALSE
	EndGlobalSection
	GlobalSection(NestedProjects) = preSolution
		{9B41CBDD-7DA0-43A2-94CB-6E919397CDD0} = {9173924B-8F1D-4F50-8C9F-42704F2D607C}
		{E61E899C-E59C-4791-906C-33DDFF7B6C08} = {9173924B-8F1D-4F50-8C9F-42704F2D607C}
		{3DCC10FA-2C64-4D32-9F70-F570D7EE1E4C} = {9173924B-8F1D-4F50-8C9F-42704F2D607C}
		{FB01434A-A604-492D-B207-6AEBF13B0DFD} = {9173924B-8F1D-4F50-8C9F-42704F2D607C}
		{7AAD7740-9E9E-4425-B764-B1B25CD1A5C9} = {9173924B-8F1D-4F50-8C9F-42704F2D607C}
		{779C4805-5EEB-4BD7-BCE2-2D2CDCCDCA20} = {9173924B-8F1D-4F50-8C9F-42704F2D607C}
	EndGlobalSection
EndGlobal
